
Microsoft Visual Studio Solution File, Format Version 12.00
# Visual Studio Version 16
VisualStudioVersion = 16.0.30907.101
MinimumVisualStudioVersion = 10.0.40219.1
Project("{FAE04EC0-301F-11D3-BF4B-00C04F79EFBC}") = "mvcIntroProject", "mvcIntroProject.csproj", "{8C7986ED-19F2-41B1-9933-F1CA1EDDAE32}"
EndProject
Global
	GlobalSection(SolutionConfigurationPlatforms) = preSolution
		Debug|Any CPU = Debug|Any CPU
		Release|Any CPU = Release|Any CPU
	EndGlobalSection
	GlobalSection(ProjectConfigurationPlatforms) = postSolution
		{8C7986ED-19F2-41B1-9933-F1CA1EDDAE32}.Debug|Any CPU.ActiveCfg = Debug|Any CPU
		{8C7986ED-19F2-41B1-9933-F1CA1EDDAE32}.Debug|Any CPU.Build.0 = Debug|Any CPU
		{8C7986ED-19F2-41B1-9933-F1CA1EDDAE32}.Release|Any CPU.ActiveCfg = Release|Any CPU
		{8C7986ED-19F2-41B1-9933-F1CA1EDDAE32}.Release|Any CPU.Build.0 = Release|Any CPU
	EndGlobalSection
	GlobalSection(SolutionProperties) = preSolution
		HideSolutionNode = FALSE
	EndGlobalSection
	GlobalSection(ExtensibilityGlobals) = postSolution
		SolutionGuid = {25931C2D-A868-4DB6-9D59-01F78B71AD59}
	EndGlobalSection
EndGlobal
